
Microsoft Visual Studio Solution File, Format Version 12.00
# Visual Studio Version 16
VisualStudioVersion = 16.0.30114.105
MinimumVisualStudioVersion = 10.0.40219.1
Project("{9A19103F-16F7-4668-BE54-9A1E7A4F7556}") = "ExemploAPI", "ExemploAPI\ExemploAPI.csproj", "{426361D0-6BA9-4154-B628-744D7D1E500F}"
EndProject
Project("{2150E333-8FDC-42A3-9474-1A3956D46DE8}") = "Presentation", "Presentation", "{DC60929C-FDD0-493A-9884-244D3FEA590C}"
EndProject
Project("{2150E333-8FDC-42A3-9474-1A3956D46DE8}") = "Core", "Core", "{76AE3527-8659-446F-9C50-7404DFB9D7D7}"
EndProject
Project("{2150E333-8FDC-42A3-9474-1A3956D46DE8}") = "Infra", "Infra", "{BF85A2C2-E492-4EED-95A9-22CA375FF430}"
EndProject
Project("{9A19103F-16F7-4668-BE54-9A1E7A4F7556}") = "Domain", "Domain\Domain.csproj", "{60BA8586-E168-402A-9346-02695118E9C9}"
EndProject
Project("{9A19103F-16F7-4668-BE54-9A1E7A4F7556}") = "Infrastructure", "Infrastructure\Infrastructure.csproj", "{554C0FA3-3A44-4EFE-B101-A91D3B019EC2}"
EndProject
Project("{9A19103F-16F7-4668-BE54-9A1E7A4F7556}") = "Infrastructure.Interfaces", "Infrastructure.Interfaces\Infrastructure.Interfaces.csproj", "{6C2329E1-05CD-460F-9676-8654C63F60C6}"
EndProject
Project("{9A19103F-16F7-4668-BE54-9A1E7A4F7556}") = "Application", "Application\Application.csproj", "{B56A0F63-26DA-4ECA-AEDE-BE329F27DD8C}"
EndProject
Project("{9A19103F-16F7-4668-BE54-9A1E7A4F7556}") = "Application.Interfaces", "Application.Interfaces\Application.Interfaces.csproj", "{0F969ED5-091C-4DD7-A393-6C53618D9118}"
EndProject
Project("{9A19103F-16F7-4668-BE54-9A1E7A4F7556}") = "Application.IoC", "Application.IoC\Application.IoC.csproj", "{CDD99629-D2EE-420B-B9E1-FAE4735A94FD}"
EndProject
Project("{FAE04EC0-301F-11D3-BF4B-00C04F79EFBC}") = "Infrastructure.IoC", "Infrastructure.IoC\Infrastructure.IoC.csproj", "{5C97EC92-6423-423C-8CCB-FB6A2B965EEC}"
EndProject
Global
	GlobalSection(SolutionConfigurationPlatforms) = preSolution
		Debug|Any CPU = Debug|Any CPU
		Release|Any CPU = Release|Any CPU
	EndGlobalSection
	GlobalSection(ProjectConfigurationPlatforms) = postSolution
		{426361D0-6BA9-4154-B628-744D7D1E500F}.Debug|Any CPU.ActiveCfg = Debug|Any CPU
		{426361D0-6BA9-4154-B628-744D7D1E500F}.Debug|Any CPU.Build.0 = Debug|Any CPU
		{426361D0-6BA9-4154-B628-744D7D1E500F}.Release|Any CPU.ActiveCfg = Release|Any CPU
		{426361D0-6BA9-4154-B628-744D7D1E500F}.Release|Any CPU.Build.0 = Release|Any CPU
		{60BA8586-E168-402A-9346-02695118E9C9}.Debug|Any CPU.ActiveCfg = Debug|Any CPU
		{60BA8586-E168-402A-9346-02695118E9C9}.Debug|Any CPU.Build.0 = Debug|Any CPU
		{60BA8586-E168-402A-9346-02695118E9C9}.Release|Any CPU.ActiveCfg = Release|Any CPU
		{60BA8586-E168-402A-9346-02695118E9C9}.Release|Any CPU.Build.0 = Release|Any CPU
		{554C0FA3-3A44-4EFE-B101-A91D3B019EC2}.Debug|Any CPU.ActiveCfg = Debug|Any CPU
		{554C0FA3-3A44-4EFE-B101-A91D3B019EC2}.Debug|Any CPU.Build.0 = Debug|Any CPU
		{554C0FA3-3A44-4EFE-B101-A91D3B019EC2}.Release|Any CPU.ActiveCfg = Release|Any CPU
		{554C0FA3-3A44-4EFE-B101-A91D3B019EC2}.Release|Any CPU.Build.0 = Release|Any CPU
		{6C2329E1-05CD-460F-9676-8654C63F60C6}.Debug|Any CPU.ActiveCfg = Debug|Any CPU
		{6C2329E1-05CD-460F-9676-8654C63F60C6}.Debug|Any CPU.Build.0 = Debug|Any CPU
		{6C2329E1-05CD-460F-9676-8654C63F60C6}.Release|Any CPU.ActiveCfg = Release|Any CPU
		{6C2329E1-05CD-460F-9676-8654C63F60C6}.Release|Any CPU.Build.0 = Release|Any CPU
		{B56A0F63-26DA-4ECA-AEDE-BE329F27DD8C}.Debug|Any CPU.ActiveCfg = Debug|Any CPU
		{B56A0F63-26DA-4ECA-AEDE-BE329F27DD8C}.Debug|Any CPU.Build.0 = Debug|Any CPU
		{B56A0F63-26DA-4ECA-AEDE-BE329F27DD8C}.Release|Any CPU.ActiveCfg = Release|Any CPU
		{B56A0F63-26DA-4ECA-AEDE-BE329F27DD8C}.Release|Any CPU.Build.0 = Release|Any CPU
		{0F969ED5-091C-4DD7-A393-6C53618D9118}.Debug|Any CPU.ActiveCfg = Debug|Any CPU
		{0F969ED5-091C-4DD7-A393-6C53618D9118}.Debug|Any CPU.Build.0 = Debug|Any CPU
		{0F969ED5-091C-4DD7-A393-6C53618D9118}.Release|Any CPU.ActiveCfg = Release|Any CPU
		{0F969ED5-091C-4DD7-A393-6C53618D9118}.Release|Any CPU.Build.0 = Release|Any CPU
		{CDD99629-D2EE-420B-B9E1-FAE4735A94FD}.Debug|Any CPU.ActiveCfg = Debug|Any CPU
		{CDD99629-D2EE-420B-B9E1-FAE4735A94FD}.Debug|Any CPU.Build.0 = Debug|Any CPU
		{CDD99629-D2EE-420B-B9E1-FAE4735A94FD}.Release|Any CPU.ActiveCfg = Release|Any CPU
		{CDD99629-D2EE-420B-B9E1-FAE4735A94FD}.Release|Any CPU.Build.0 = Release|Any CPU
		{5C97EC92-6423-423C-8CCB-FB6A2B965EEC}.Debug|Any CPU.ActiveCfg = Debug|Any CPU
		{5C97EC92-6423-423C-8CCB-FB6A2B965EEC}.Debug|Any CPU.Build.0 = Debug|Any CPU
		{5C97EC92-6423-423C-8CCB-FB6A2B965EEC}.Release|Any CPU.ActiveCfg = Release|Any CPU
		{5C97EC92-6423-423C-8CCB-FB6A2B965EEC}.Release|Any CPU.Build.0 = Release|Any CPU
	EndGlobalSection
	GlobalSection(SolutionProperties) = preSolution
		HideSolutionNode = FALSE
	EndGlobalSection
	GlobalSection(NestedProjects) = preSolution
		{426361D0-6BA9-4154-B628-744D7D1E500F} = {DC60929C-FDD0-493A-9884-244D3FEA590C}
		{60BA8586-E168-402A-9346-02695118E9C9} = {76AE3527-8659-446F-9C50-7404DFB9D7D7}
		{554C0FA3-3A44-4EFE-B101-A91D3B019EC2} = {BF85A2C2-E492-4EED-95A9-22CA375FF430}
		{6C2329E1-05CD-460F-9676-8654C63F60C6} = {BF85A2C2-E492-4EED-95A9-22CA375FF430}
		{B56A0F63-26DA-4ECA-AEDE-BE329F27DD8C} = {76AE3527-8659-446F-9C50-7404DFB9D7D7}
		{0F969ED5-091C-4DD7-A393-6C53618D9118} = {76AE3527-8659-446F-9C50-7404DFB9D7D7}
		{CDD99629-D2EE-420B-B9E1-FAE4735A94FD} = {76AE3527-8659-446F-9C50-7404DFB9D7D7}
		{5C97EC92-6423-423C-8CCB-FB6A2B965EEC} = {BF85A2C2-E492-4EED-95A9-22CA375FF430}
	EndGlobalSection
	GlobalSection(ExtensibilityGlobals) = postSolution
		SolutionGuid = {1BB763F4-FFB4-4496-ACAC-C6B483B2C73C}
	EndGlobalSection
EndGlobal
